
Microsoft Visual Studio Solution File, Format Version 12.00
# Visual Studio Version 17
VisualStudioVersion = 17.10.35013.160
MinimumVisualStudioVersion = 10.0.40219.1
Project("{FAE04EC0-301F-11D3-BF4B-00C04F79EFBC}") = "Webapp", "Webapp\Webapp.csproj", "{3D12F44F-5F12-4602-826F-33C6FD78E402}"
EndProject
Global
	GlobalSection(SolutionConfigurationPlatforms) = preSolution
		Debug|Any CPU = Debug|Any CPU
		Release|Any CPU = Release|Any CPU
	EndGlobalSection
	GlobalSection(ProjectConfigurationPlatforms) = postSolution
		{3D12F44F-5F12-4602-826F-33C6FD78E402}.Debug|Any CPU.ActiveCfg = Debug|Any CPU
		{3D12F44F-5F12-4602-826F-33C6FD78E402}.Debug|Any CPU.Build.0 = Debug|Any CPU
		{3D12F44F-5F12-4602-826F-33C6FD78E402}.Release|Any CPU.ActiveCfg = Release|Any CPU
		{3D12F44F-5F12-4602-826F-33C6FD78E402}.Release|Any CPU.Build.0 = Release|Any CPU
	EndGlobalSection
	GlobalSection(SolutionProperties) = preSolution
		HideSolutionNode = FALSE
	EndGlobalSection
	GlobalSection(ExtensibilityGlobals) = postSolution
		SolutionGuid = {976F8AFA-266C-480A-BE9C-AD292A102704}
	EndGlobalSection
EndGlobal
